github.com/BurntSushi/toml v0.3.1 h1:WXkYYl6Yr3qBf1K79EBnL4mak0OimBfB0XUf9Vl28OQ=
github.com/BurntSushi/toml v0.3.1/go.mod h1:xHWCNGjB5oqiDr8zfno3MHue2Ht5sIBksp03qcyfWMU=
github.com/UnnoTed/fileb0x v1.1.3 h1:TUfJRey+psXuivBqasgp7Du3iXB4hzjI5UXDl+BCrzE=
github.com/UnnoTed/fileb0x v1.1.3/go.mod h1:AyTnLP7elx6MM4eHxahl5sBEWBw0QLf6TM/s64LtM4s=
github.com/Yawning/chacha20 v0.0.0-20170904085104-e3b1f968fc63 h1:I6/SJSN9wJMJ+ZyQaCHUlzoTA4ypU5Bb44YWR1wTY/0=
github.com/Yawning/chacha20 v0.0.0-20170904085104-e3b1f968fc63/go.mod h1:nf+Komq6fVP4SwmKEaVGxHTyQGKREVlwjQKpvOV39yE=
github.com/airking05/termui v2.2.0+incompatible h1:S3j2WJzr70u8KjUktaQ0Cmja+R0edOXChltFoQSGG8I=
github.com/airking05/termui v2.2.0+incompatible/go.mod h1:B/M5sgOwSZlvGm3TsR98s1BSzlSH4wPQzUUNwZG+uUM=
github.com/apaxa-go/helper v0.0.0-20180607175117-61d31b1c31c3 h1:badF2fxl2BsWu2f01OYRU9cNnbrOSoOlayijH7r9ip4=
github.com/apaxa-go/helper v0.0.0-20180607175117-61d31b1c31c3/go.mod h1:42ENZ1Wd+1+1pgQWSQ/naAWaaP/uKw1zmnrMzBBNyTQ=
github.com/bmatcuk/doublestar v1.1.1 h1:YroD6BJCZBYx06yYFEWvUuKVWQn3vLLQAVmDmvTSaiQ=
github.com/bmatcuk/doublestar v1.1.1/go.mod h1:UD6OnuiIn0yFxxA2le/rnRU1G4RaI4UvFv1sNto9p6w=
github.com/davecgh/go-spew v1.1.0/go.mod h1:J7Y8YcW2NihsgmVo/mv3lAwl/skON4iLHjSsI+c5H38=
github.com/davecgh/go-spew v1.1.1 h1:vj9j/u1bqnvCEfJOwUhtlOARqs3+rkHYY13jYWTU97c=
github.com/davecgh/go-spew v1.1.1/go.mod h1:J7Y8YcW2NihsgmVo/mv3lAwl/skON4iLHjSsI+c5H38=
github.com/dgrijalva/jwt-go v3.2.0+incompatible/go.mod h1:E3ru+11k8xSBh+hMPgOLZmtrrCbhqsmaPHjLKYnJCaQ=
github.com/gin-contrib/sse v0.0.0-20190125020943-a7658810eb74 h1:FaI7wNyesdMBSkIRVUuEEYEvmzufs7EqQvRAxfEXGbQ=
github.com/gin-contrib/sse v0.0.0-20190125020943-a7658810eb74/go.mod h1:VJ0WA2NBN22VlZ2dKZQPAPnyWw5XTlK1KymzLKsr59s=
github.com/gin-gonic/gin v1.3.0 h1:kCmZyPklC0gVdL728E6Aj20uYBJV93nj/TkwBTKhFbs=
github.com/gin-gonic/gin v1.3.0/go.mod h1:7cKuhb5qV2ggCFctp2fJQ+ErvciLZrIeoOSOm6mUr7Y=
github.com/golang/protobuf v1.2.0 h1:P3YflyNX/ehuJFLhxviNdFxQPkGK5cDcApsge1SqnvM=
github.com/golang/protobuf v1.2.0/go.mod h1:6lQm79b+lXiMfvg/cZm0SGofjICqVBUtrP5yJMmIC1U=
github.com/google/pprof v0.0.0-20190208070709-b421f19a5c07 h1:a8gLxYPNyi4nj8mRSyv71dzsQgGDEOo4Fg4nWcyUBto=
github.com/google/pprof v0.0.0-20190208070709-b421f19a5c07/go.mod h1:zfwlbNMJ+OItoe0UupaVj+oy1omPYYDuagoSzA8v9mc=
github.com/gorilla/websocket v1.4.0 h1:WDFjx/TMzVgy9VdMMQi2K2Emtwi2QcUQsztZ/zLaH/Q=
github.com/gorilla/websocket v1.4.0/go.mod h1:E7qHFY5m1UJ88s3WnNqhKjPHQ0heANvMoAMk2YaljkQ=
github.com/ianlancetaylor/demangle v0.0.0-20181102032728-5e5cf60278f6 h1:UDMh68UUwekSh5iP2OMhRRZJiiBccgV7axzUG8vi56c=
github.com/ianlancetaylor/demangle v0.0.0-20181102032728-5e5cf60278f6/go.mod h1:aSSvb/t6k1mPoxDqO4vJh6VOCGPwU4O0C2/Eqndh1Sc=
github.com/json-iterator/go v1.1.5 h1:gL2yXlmiIo4+t+y32d4WGwOjKGYcGOuyrg46vadswDE=
github.com/json-iterator/go v1.1.5/go.mod h1:+SdeFBvtyEkXs7REEP0seUULqWtbJapLOCVDaaPEHmU=
github.com/karrick/godirwalk v1.7.8 h1:VfG72pyIxgtC7+3X9CMHI0AOl4LwyRAg98WAgsvffi8=
github.com/karrick/godirwalk v1.7.8/go.mod h1:2c9FRhkDxdIbgkOnCEvnSWs71Bhugbl46shStcFDJ34=
github.com/labstack/echo v3.2.1+incompatible h1:J2M7YArHx4gi8p/3fDw8tX19SXhBCoRpviyAZSN3I88=
github.com/labstack/echo v3.2.1+incompatible/go.mod h1:0INS7j/VjnFxD4E2wkz67b8cVwCLbBmJyDaka6Cmk1s=
github.com/labstack/gommon v0.2.7 h1:2qOPq/twXDrQ6ooBGrn3mrmVOC+biLlatwgIu8lbzRM=
github.com/labstack/gommon v0.2.7/go.mod h1:/tj9csK2iPSBvn+3NLM9e52usepMtrd5ilFYA+wQNJ4=
github.com/maruel/panicparse v1.1.1 h1:k62YPcEoLncEEpjMt92GtG5ugb8WL/510Ys3/h5IkRc=
github.com/maruel/panicparse v1.1.1/go.mod h1:nty42YY5QByNC5MM7q/nj938VbgPU7avs45z6NClpxI=
github.com/mattn/go-colorable v0.0.9 h1:UVL0vNpWh04HeJXV0KLcaT7r06gOH2l4OW6ddYRUIY4=
github.com/mattn/go-colorable v0.0.9/go.mod h1:9vuHe8Xs5qXnSaW/c/ABM9alt+Vo+STaOChaDxuIBZU=
github.com/mattn/go-isatty v0.0.4 h1:bnP0vzxcAdeI1zdubAl5PjU6zsERjGZb7raWodagDYs=
github.com/mattn/go-isatty v0.0.4/go.mod h1:M+lRXTBqGeGNdLjl/ufCoiOlB5xdOkqRJdNxMWT7Zi4=
github.com/mattn/go-runewidth v0.0.3 h1:a+kO+98RDGEfo6asOGMmpodZq4FNtnGP54yps8BzLR4=
github.com/mattn/go-runewidth v0.0.3/go.mod h1:LwmH8dsx7+W8Uxz3IHJYH5QSwggIsqBzpuz5H//U1FU=
github.com/miekg/dns v1.0.15 h1:9+UupePBQCG6zf1q/bGmTO1vumoG13jsrbWOSX1W6Tw=
github.com/miekg/dns v1.0.15/go.mod h1:W1PPwlIAgtquWBMBEV9nkV9Cazfe8ScdGz/Lj7v3Nrg=
github.com/mitchellh/go-wordwrap v1.0.0 h1:6GlHJ/LTGMrIJbwgdqdl2eEH8o+Exx/0m8ir9Gns0u4=
github.com/mitchellh/go-wordwrap v1.0.0/go.mod h1:ZXFpozHsX6DPmq2I0TCekCxypsnAUbP2oI0UX1GXzOo=
github.com/modern-go/concurrent v0.0.0-20180306012644-bacd9c7ef1dd h1:TRLaZ9cD/w8PVh93nsPXa1VrQ6jlwL5oN8l14QlcNfg=
github.com/modern-go/concurrent v0.0.0-20180306012644-bacd9c7ef1dd/go.mod h1:6dJC0mAP4ikYIbvyc7fijjWJddQyLn8Ig3JB5CqoB9Q=
github.com/modern-go/reflect2 v1.0.1 h1:9f412s+6RmYXLWZSEzVVgPGK7C2PphHj5RJrvfx9AWI=
github.com/modern-go/reflect2 v1.0.1/go.mod h1:bx2lNnkwVCuqBIxFjflWJWanXIb3RllmbCylyMrvgv0=
github.com/nsf/termbox-go v0.0.0-20180819125858-b66b20ab708e h1:fvw0uluMptljaRKSU8459cJ4bmi3qUYyMs5kzpic2fY=
github.com/nsf/termbox-go v0.0.0-20180819125858-b66b20ab708e/go.mod h1:IuKpRQcYE1Tfu+oAQqaLisqDeXgjyyltCfsaoYN18NQ=
github.com/oschwald/geoip2-golang v1.2.1 h1:3iz+jmeJc6fuCyWeKgtXSXu7+zvkxJbHFXkMT5FVebU=
github.com/oschwald/geoip2-golang v1.2.1/go.mod h1:0LTTzix/Ao1uMvOhAV4iLU0Lz7eCrP94qZWBTDKf0iE=
github.com/oschwald/maxminddb-golang v1.3.0 h1:oTh8IBSj10S5JNlUDg5WjJ1QdBMdeaZIkPEVfESSWgE=
github.com/oschwald/maxminddb-golang v1.3.0/go.mod h1:3jhIUymTJ5VREKyIhWm66LJiQt04F0UCDdodShpjWsY=
github.com/pkg/errors v0.8.0 h1:WdK/asTD0HN+q6hsWO3/vpuAkAr+tw6aNJNDFFf0+qw=
github.com/pkg/errors v0.8.0/go.mod h1:bwawxfHBFNV+L2hUp1rHADufV3IMtnDRdf1r5NINEl0=
github.com/pmezard/go-difflib v1.0.0 h1:4DBwDE0NGyQoBHbLQYPwSUPoCMWR5BEzIk/f1lZbAQM=
github.com/pmezard/go-difflib v1.0.0/go.mod h1:iKH77koFhYxTK1pcRnkKkqfTogsbg7gZNVY4sRDYZ/4=
github.com/sipt/yaml v0.0.0-20181127084323-eeedbff8afd4 h1:pzOSuFGFTN/MVYG8+0/56vqAUEUw+k3cVBaB38a+ErQ=
github.com/sipt/yaml v0.0.0-20181127084323-eeedbff8afd4/go.mod h1:tGOuP/oK1OIkFWNyZjDPLZ181s8nRl9jDQlVFU0B9PM=
github.com/sipt/yaml v2.1.0+incompatible h1:9gMyHKKX5nAPPl6K48nROwxUh/5t69pOhfwwySxeVk0=
github.com/sipt/yaml v2.1.0+incompatible/go.mod h1:SMrs5QuqagKMVQywWx0GexG0vZQ9TPaMqmaNRuNGD5M=
github.com/stretchr/objx v0.1.0/go.mod h1:HFkY916IF+rwdDfMAkV7OtwuqBVzrE8GR6GFx+wExME=
github.com/stretchr/testify v1.2.2 h1:bSDNvY7ZPG5RlJ8otE/7V6gMiyenm9RtJ7IUVIAoJ1w=
github.com/stretchr/testify v1.2.2/go.mod h1:a8OnRcib4nhh0OaRAV+Yts87kKdq0PP7pXfy6kDkUVs=
github.com/stretchr/testify v1.3.0 h1:TivCn/peBQ7UY8ooIcPgZFpTNSz0Q2U6UrFlUfqbe0Q=
github.com/stretchr/testify v1.3.0/go.mod h1:M5WIy9Dh21IEIfnGCwXGc5bZfKNJtfHm1UVUgZn+9EI=
github.com/ugorji/go v1.1.2 h1:JON3E2/GPW2iDNGoSAusl1KDf5TRQ8k8q7Tp097pZGs=
github.com/ugorji/go v1.1.2/go.mod h1:hnLbHMwcvSihnDhEfx2/BzKp2xb0Y+ErdfYcrs9tkJQ=
github.com/ugorji/go/codec v0.0.0-20190128213124-ee1426cffec0 h1:Q3Bh5Dwzek5LreV9l86IftyLaexgU1mag9WNntbAW9c=
github.com/ugorji/go/codec v0.0.0-20190128213124-ee1426cffec0/go.mod h1:iT03XoTwV7xq/+UGwKO3UbC1nNNlopQiY61beSdrtOA=
github.com/valyala/bytebufferpool v1.0.0 h1:GqA5TC/0021Y/b9FG4Oi9Mr3q7XYx6KllzawFIhcdPw=
github.com/valyala/bytebufferpool v1.0.0/go.mod h1:6bBcMArwyJ5K/AmCkWv1jt77kVWyCJ6HpOuEn7z0Csc=
github.com/valyala/fasttemplate v0.0.0-20170224212429-dcecefd839c4 h1:gKMu1Bf6QINDnvyZuTaACm9ofY+PRh+5vFz4oxBZeF8=
github.com/valyala/fasttemplate v0.0.0-20170224212429-dcecefd839c4/go.mod h1:50wTf68f99/Zt14pr046Tgt3Lp2vLyFZKzbFXTOabXw=
golang.org/x/arch v0.0.0-20181203225421-5a4828bb7045 h1:Pn8fQdvx+z1avAi7fdM2kRYWQNxGlavNDSyzrQg2SsU=
golang.org/x/arch v0.0.0-20181203225421-5a4828bb7045/go.mod h1:cYlCBUl1MsqxdiKgmc4uh7TxZfWSFLOGSRR090WDxt8=
golang.org/x/crypto v0.0.0-20180910181607-0e37d006457b/go.mod h1:6SG95UA2DQfeDnfUPMdvaQW0Q7yPrPDi9nlGo2tz2b4=
golang.org/x/crypto v0.0.0-20181126163421-e657309f52e7 h1:70UTJTdHsz+jRjphEW+is2SdxjhZL1AdKsewqjYzcQU=
golang.org/x/crypto v0.0.0-20181126163421-e657309f52e7/go.mod h1:6SG95UA2DQfeDnfUPMdvaQW0Q7yPrPDi9nlGo2tz2b4=
golang.org/x/net v0.0.0-20180921000356-2f5d2388922f/go.mod h1:mL1N/T3taQHkDXs73rZJwtUhF3w3ftmwwsq0BUmARs4=
golang.org/x/net v0.0.0-20181114220301-adae6a3d119a h1:gOpx8G595UYyvj8UK4+OFyY4rx037g3fmfhe5SasG3U=
golang.org/x/net v0.0.0-20181114220301-adae6a3d119a/go.mod h1:mL1N/T3taQHkDXs73rZJwtUhF3w3ftmwwsq0BUmARs4=
golang.org/x/sys v0.0.0-20181019160139-8e24a49d80f8/go.mod h1:STP8DvDyc/dI5b8T5hshtkjS+E42TnysNCUPdjciGhY=
golang.org/x/sys v0.0.0-20181122145206-62eef0e2fa9b h1:MQE+LT/ABUuuvEZ+YQAMSXindAdUh7slEmAkup74op4=
golang.org/x/sys v0.0.0-20181122145206-62eef0e2fa9b/go.mod h1:STP8DvDyc/dI5b8T5hshtkjS+E42TnysNCUPdjciGhY=
golang.org/x/text v0.3.0 h1:g61tztE5qeGQ89tm6NTjjM9VPIm088od1l6aSorWRWg=
golang.org/x/text v0.3.0/go.mod h1:NqM8EUOU14njkJ3fqMW+pc6Ldnwhi/IjpwHt7yyuwOQ=
gopkg.in/check.v1 v0.0.0-20161208181325-20d25e280405/go.mod h1:Co6ibVJAznAaIkqp8huTwlJQCZ016jof/cbN4VW5Yz0=
gopkg.in/go-playground/validator.v8 v8.18.2 h1:lFB4DoMU6B626w8ny76MV7VX6W2VHct2GVOI3xgiMrQ=
gopkg.in/go-playground/validator.v8 v8.18.2/go.mod h1:RX2a/7Ha8BgOhfk7j780h4/u/RRjR0eouCJSH80/M2Y=
gopkg.in/yaml.v2 v2.2.1/go.mod h1:hI93XBmqTisBFMUTm0b8Fm+jr3Dg1NNxqwp+5A1VGuI=
gopkg.in/yaml.v2 v2.2.2 h1:ZCJp+EgiOT7lHqUV2J862kp8Qj64Jo6az82+3Td9dZw=
gopkg.in/yaml.v2 v2.2.2/go.mod h1:hI93XBmqTisBFMUTm0b8Fm+jr3Dg1NNxqwp+5A1VGuI=
